{
  "name": "aurelia-skeleton-plugin-typescript",
  "version": "1.0.0",
  "lockfileVersion": 1,
  "requires": true,
  "dependencies": {
    "@types/jasmine": {
      "version": "2.5.53",
      "resolved": "https://registry.npmjs.org/@types/jasmine/-/jasmine-2.5.53.tgz",
      "integrity": "sha512-2YNL0jXYuN7w07mb1sMZQ6T6zOvGi83v8UbjhBZ8mhvI1VkQ2STU9XOrTFyvWswMyh5rW1evS+e7qltYJvTqPA==",
      "dev": true
    },
    "@types/node": {
      "version": "8.0.6",
      "resolved": "https://registry.npmjs.org/@types/node/-/node-8.0.6.tgz",
      "integrity": "sha512-WuMAU8y6bw1I7MKOEtkuoSUsxHhVYkdv4nuqq3sed+Yx2JFFlCj4EoZweu4TkcrKAIuPXAjhGa5ZcROUJbj0AA==",
      "dev": true
    },
    "aurelia-bootstrapper": {
      "version": "2.1.1",
      "resolved": "https://registry.npmjs.org/aurelia-bootstrapper/-/aurelia-bootstrapper-2.1.1.tgz",
      "integrity": "sha1-R1esF2EbYJZwSWG1UUj3ewQrasU=",
      "dev": true
    },
    "aurelia-dependency-injection": {
      "version": "1.3.1",
      "resolved": "https://registry.npmjs.org/aurelia-dependency-injection/-/aurelia-dependency-injection-1.3.1.tgz",
      "integrity": "sha1-DatwFskE7+frukX4RnO1jzgA2dc="
    },
    "aurelia-framework": {
      "version": "1.4.1",
      "resolved": "https://registry.npmjs.org/aurelia-framework/-/aurelia-framework-1.4.1.tgz",
      "integrity": "sha512-oFnJyqqIDk2Kk7iSy2YNm2MNQMbTVEiPpa9q0oGfDLclqUgv+L05rnkEW9vEpVTUMV8gmOTxIrDidNICrDT7HA==",
      "requires": {
        "aurelia-binding": "^2.0.0",
        "aurelia-dependency-injection": "^1.0.0",
        "aurelia-loader": "^1.0.0",
        "aurelia-logging": "^1.0.0",
        "aurelia-metadata": "^1.0.0",
        "aurelia-pal": "^1.0.0",
        "aurelia-path": "^1.1.7",
        "aurelia-task-queue": "^1.0.0",
        "aurelia-templating": "^1.11.1"
      },
      "dependencies": {
        "aurelia-binding": {
          "version": "2.5.4",
          "resolved": "https://registry.npmjs.org/aurelia-binding/-/aurelia-binding-2.5.4.tgz",
          "integrity": "sha512-tYhYCFvQne+chO3p8KntCWj0r8oCXiCOGQ0yFbthHDBpjjTA4QlBwpGQ8nlGoGDKj7n4PoobeIjN3lEDKgKUyw==",
          "requires": {
            "aurelia-logging": "^1.0.0",
            "aurelia-metadata": "^1.0.0",
            "aurelia-pal": "^1.0.0",
            "aurelia-task-queue": "^1.0.0"
          }
        },
        "aurelia-path": {
          "version": "1.1.7",
          "resolved": "https://registry.npmjs.org/aurelia-path/-/aurelia-path-1.1.7.tgz",
          "integrity": "sha512-D6/Tz8jE8b2+Y8Pt6P/fxF6xfJGef+TA6YEljzo1kEzyzbxIvwfqc7pK6i/XGY3LowlumPqrhxkfMjPxLpFIcA=="
        },
        "aurelia-templating": {
          "version": "1.11.1",
          "resolved": "https://registry.npmjs.org/aurelia-templating/-/aurelia-templating-1.11.1.tgz",
          "integrity": "sha512-7Zrb/yvnIYBIlqGaLXIiBsmWMoFwo3SSoxyoucqWe/M80YpR4LJaTEKoZxhZZI6x9pU+tlFOBkwd/sA1JqPR8w==",
          "requires": {
            "aurelia-binding": "^2.0.0",
            "aurelia-dependency-injection": "^1.0.0",
            "aurelia-loader": "^1.0.0",
            "aurelia-logging": "^1.0.0",
            "aurelia-metadata": "^1.0.0",
            "aurelia-pal": "^1.0.0",
            "aurelia-path": "^1.1.7",
            "aurelia-task-queue": "^1.1.0"
          }
        }
      }
    },
    "aurelia-loader": {
      "version": "1.0.0",
      "resolved": "https://registry.npmjs.org/aurelia-loader/-/aurelia-loader-1.0.0.tgz",
      "integrity": "sha1-t4wqKBOqjkQSRyN91m/WLl1OGeo="
    },
    "aurelia-logging": {
      "version": "1.3.1",
      "resolved": "https://registry.npmjs.org/aurelia-logging/-/aurelia-logging-1.3.1.tgz",
      "integrity": "sha1-s0rnWTcroIdAqxIjOom60VSH/pg="
    },
    "aurelia-metadata": {
      "version": "1.0.3",
      "resolved": "https://registry.npmjs.org/aurelia-metadata/-/aurelia-metadata-1.0.3.tgz",
      "integrity": "sha1-Ho1Z2hiOKHGorXSbpCyoUISj8w4="
    },
    "aurelia-pal": {
      "version": "1.3.0",
      "resolved": "https://registry.npmjs.org/aurelia-pal/-/aurelia-pal-1.3.0.tgz",
      "integrity": "sha1-ldK42o+zGK22AZ0yDR0vkCjzfxc="
    },
    "aurelia-pal-browser": {
      "version": "1.2.1",
      "resolved": "https://registry.npmjs.org/aurelia-pal-browser/-/aurelia-pal-browser-1.2.1.tgz",
      "integrity": "sha1-Qm21NaYBmUDElSD0wjopsHicSnU=",
      "dev": true
    },
    "aurelia-polyfills": {
      "version": "1.2.2",
      "resolved": "https://registry.npmjs.org/aurelia-polyfills/-/aurelia-polyfills-1.2.2.tgz",
      "integrity": "sha1-uNDrBZ6U8lvlg+Ka8KpQq0n1wn0=",
      "dev": true
    },
    "aurelia-task-queue": {
      "version": "1.2.0",
      "resolved": "https://registry.npmjs.org/aurelia-task-queue/-/aurelia-task-queue-1.2.0.tgz",
      "integrity": "sha1-kjOsMOwQtiARO7qzcCSijmH1mGU="
    },
    "aurelia-testing": {
      "version": "1.0.0-beta.3.0.1",
      "resolved": "https://registry.npmjs.org/aurelia-testing/-/aurelia-testing-1.0.0-beta.3.0.1.tgz",
      "integrity": "sha1-Q201dVzmW/tLSRPASavcL39lhQI=",
      "dev": true
    },
    "concurrently": {
      "version": "3.5.0",
      "resolved": "https://registry.npmjs.org/concurrently/-/concurrently-3.5.0.tgz",
      "integrity": "sha1-jPG3cHppFqeKT/W3e7BN7FSzebI=",
      "dev": true,
      "dependencies": {
        "ansi-regex": {
          "version": "0.2.1",
          "resolved": "https://registry.npmjs.org/ansi-regex/-/ansi-regex-0.2.1.tgz",
          "integrity": "sha1-DY6UaWej2BQ/k+JOKYUl/BsiNfk="
        },
        "ansi-styles": {
          "version": "1.1.0",
          "resolved": "https://registry.npmjs.org/ansi-styles/-/ansi-styles-1.1.0.tgz",
          "integrity": "sha1-6uy/Zs1waIJ2Cy9GkVgrj1XXp94="
        },
        "chalk": {
          "version": "0.5.1",
          "resolved": "https://registry.npmjs.org/chalk/-/chalk-0.5.1.tgz",
          "integrity": "sha1-Zjs6ZItotV0EaQ1JFnqoN4WPIXQ=",
          "dependencies": {
            "supports-color": {
              "version": "0.2.0",
              "resolved": "https://registry.npmjs.org/supports-color/-/supports-color-0.2.0.tgz",
              "integrity": "sha1-2S3iaU6z9nMjlz1649i1W0wiGQo="
            }
          }
        },
        "commander": {
          "version": "2.6.0",
          "resolved": "https://registry.npmjs.org/commander/-/commander-2.6.0.tgz",
          "integrity": "sha1-nfflL7Kgyw+4kFjugMMQQiXzfh0="
        },
        "has-ansi": {
          "version": "0.1.0",
          "resolved": "https://registry.npmjs.org/has-ansi/-/has-ansi-0.1.0.tgz",
          "integrity": "sha1-hPJlqujA5qiKEtcCKJS3VoiUxi4="
        },
        "lodash": {
          "version": "4.17.4",
          "resolved": "https://registry.npmjs.org/lodash/-/lodash-4.17.4.tgz",
          "integrity": "sha1-eCA6TRwyiuHYbcpkYONptX9AVa4="
        },
        "strip-ansi": {
          "version": "0.3.0",
          "resolved": "https://registry.npmjs.org/strip-ansi/-/strip-ansi-0.3.0.tgz",
          "integrity": "sha1-JfSOoiynkYfzF0pNuHWTR7sSYiA="
        },
        "supports-color": {
          "version": "3.2.3",
          "resolved": "https://registry.npmjs.org/supports-color/-/supports-color-3.2.3.tgz",
          "integrity": "sha1-ZawFBLOVQXHYpklGsq48u4pfVPY="
        }
      }
    },
    "conventional-changelog-cli": {
      "version": "1.3.1",
      "resolved": "https://registry.npmjs.org/conventional-changelog-cli/-/conventional-changelog-cli-1.3.1.tgz",
      "integrity": "sha1-HNWp264l/7X/5nr+8eE26s7v0tU=",
      "dev": true,
      "dependencies": {
        "lodash": {
          "version": "4.17.4",
          "resolved": "https://registry.npmjs.org/lodash/-/lodash-4.17.4.tgz",
          "integrity": "sha1-eCA6TRwyiuHYbcpkYONptX9AVa4="
        }
      }
    },
    "copyfiles": {
      "version": "1.2.0",
      "resolved": "https://registry.npmjs.org/copyfiles/-/copyfiles-1.2.0.tgz",
      "integrity": "sha1-qNo6xBqiIgrim9PFi2mEKU8sWTw=",
      "dev": true
    },
    "cross-env": {
      "version": "5.0.1",
      "resolved": "https://registry.npmjs.org/cross-env/-/cross-env-5.0.1.tgz",
      "integrity": "sha1-/05y6kO0faJIa0On8gQ7JgnkSRM=",
      "dev": true
    },
    "jasmine-core": {
      "version": "2.6.4",
      "resolved": "https://registry.npmjs.org/jasmine-core/-/jasmine-core-2.6.4.tgz",
      "integrity": "sha1-3skmzQqfoof7bbXHVfpIfnTOysU=",
      "dev": true
    },
    "karma": {
      "version": "1.7.0",
      "resolved": "https://registry.npmjs.org/karma/-/karma-1.7.0.tgz",
      "integrity": "sha1-b3oaQGRG+i4YfslTmGmPTO5HYmk=",
      "dev": true
    },
    "karma-chrome-launcher": {
      "version": "2.2.0",
      "resolved": "https://registry.npmjs.org/karma-chrome-launcher/-/karma-chrome-launcher-2.2.0.tgz",
      "integrity": "sha512-uf/ZVpAabDBPvdPdveyk1EPgbnloPvFFGgmRhYLTDH7gEB4nZdSBk8yTU47w1g/drLSx5uMOkjKk7IWKfWg/+w==",
      "dev": true
    },
    "karma-jasmine": {
      "version": "1.1.0",
      "resolved": "https://registry.npmjs.org/karma-jasmine/-/karma-jasmine-1.1.0.tgz",
      "integrity": "sha1-IuTAa/mhguUpTR9wXjczgRuBCs8=",
      "dev": true
    },
    "karma-requirejs": {
      "version": "1.1.0",
      "resolved": "https://registry.npmjs.org/karma-requirejs/-/karma-requirejs-1.1.0.tgz",
      "integrity": "sha1-/driy4fX68FvsCIok1ZNf+5Xh5g=",
      "dev": true
    },
    "karma-typescript-preprocessor": {
      "version": "0.3.1",
      "resolved": "https://registry.npmjs.org/karma-typescript-preprocessor/-/karma-typescript-preprocessor-0.3.1.tgz",
      "integrity": "sha1-pO1Jdq8CoIAdF4Q3Vq2MzIAFPVo=",
      "dev": true
    },
    "requirejs": {
      "version": "2.3.3",
      "resolved": "https://registry.npmjs.org/requirejs/-/requirejs-2.3.3.tgz",
      "integrity": "sha1-qln9OgKH6vQHlZoTgigES13WpqM=",
      "dev": true
    },
    "requirejs-text": {
      "version": "2.0.15",
      "resolved": "https://registry.npmjs.org/requirejs-text/-/requirejs-text-2.0.15.tgz",
      "integrity": "sha1-ExOHM2E/xEV7fhJH6Mt1HfeqVCk=",
      "dev": true
    },
    "rimraf": {
      "version": "2.6.1",
      "resolved": "https://registry.npmjs.org/rimraf/-/rimraf-2.6.1.tgz",
      "integrity": "sha1-wjOOxkPfeht/5cVPqG9XQopV8z0=",
      "dev": true
    },
    "tslint": {
      "version": "5.4.3",
      "resolved": "https://registry.npmjs.org/tslint/-/tslint-5.4.3.tgz",
      "integrity": "sha1-dhyEArgONHt3M6BDkKdXslNYBGc=",
      "dev": true
    },
    "typedoc": {
      "version": "0.7.1",
      "resolved": "https://registry.npmjs.org/typedoc/-/typedoc-0.7.1.tgz",
      "integrity": "sha1-tEG//iRrs+DlmNmuR050NZS9p2k=",
      "dev": true,
      "dependencies": {
        "lodash": {
          "version": "4.17.4",
          "resolved": "https://registry.npmjs.org/lodash/-/lodash-4.17.4.tgz",
          "integrity": "sha1-eCA6TRwyiuHYbcpkYONptX9AVa4="
        },
        "typescript": {
          "version": "2.3.2",
          "resolved": "https://registry.npmjs.org/typescript/-/typescript-2.3.2.tgz",
          "integrity": "sha1-8PBF4Zb2mnLwayX9O9OdAcPOmYQ="
        }
      }
    },
    "typescript": {
      "version": "2.4.1",
      "resolved": "https://registry.npmjs.org/typescript/-/typescript-2.4.1.tgz",
      "integrity": "sha1-w8yxbdqgsjFN4DHn5v7onlujRrw=",
      "dev": true
    }
  }
}
